
Microsoft Visual Studio Solution File, Format Version 12.00
# Visual Studio Version 17
VisualStudioVersion = 17.11.35327.3
MinimumVisualStudioVersion = 10.0.40219.1
Project("{2150E333-8FDC-42A3-9474-1A3956D46DE8}") = "src", "src", "{DD687613-7FE3-40E3-97F0-FC9F64AA1FC9}"
EndProject
Project("{FAE04EC0-301F-11D3-BF4B-00C04F79EFBC}") = "FuelChampion.WebUI.Server", "FuelChampion.WebUI.Server\FuelChampion.WebUI.Server.csproj", "{0E2ED5C9-29FB-4FC7-BF86-AEDF86E21C2E}"
EndProject
Project("{FAE04EC0-301F-11D3-BF4B-00C04F79EFBC}") = "FuelChampion.Api", "FuelChampion.Api\FuelChampion.Api.csproj", "{B44414F1-2C6F-429A-AE4F-47C0434BA382}"
EndProject
Project("{FAE04EC0-301F-11D3-BF4B-00C04F79EFBC}") = "FuelChampion.Library", "FuelChampion.Library\FuelChampion.Library.csproj", "{277D0418-020B-4135-989C-3B06735A2142}"
EndProject
Global
	GlobalSection(SolutionConfigurationPlatforms) = preSolution
		Debug|Any CPU = Debug|Any CPU
		Release|Any CPU = Release|Any CPU
	EndGlobalSection
	GlobalSection(ProjectConfigurationPlatforms) = postSolution
		{0E2ED5C9-29FB-4FC7-BF86-AEDF86E21C2E}.Debug|Any CPU.ActiveCfg = Debug|Any CPU
		{0E2ED5C9-29FB-4FC7-BF86-AEDF86E21C2E}.Debug|Any CPU.Build.0 = Debug|Any CPU
		{0E2ED5C9-29FB-4FC7-BF86-AEDF86E21C2E}.Release|Any CPU.ActiveCfg = Release|Any CPU
		{0E2ED5C9-29FB-4FC7-BF86-AEDF86E21C2E}.Release|Any CPU.Build.0 = Release|Any CPU
		{B44414F1-2C6F-429A-AE4F-47C0434BA382}.Debug|Any CPU.ActiveCfg = Debug|Any CPU
		{B44414F1-2C6F-429A-AE4F-47C0434BA382}.Debug|Any CPU.Build.0 = Debug|Any CPU
		{B44414F1-2C6F-429A-AE4F-47C0434BA382}.Release|Any CPU.ActiveCfg = Release|Any CPU
		{B44414F1-2C6F-429A-AE4F-47C0434BA382}.Release|Any CPU.Build.0 = Release|Any CPU
		{277D0418-020B-4135-989C-3B06735A2142}.Debug|Any CPU.ActiveCfg = Debug|Any CPU
		{277D0418-020B-4135-989C-3B06735A2142}.Debug|Any CPU.Build.0 = Debug|Any CPU
		{277D0418-020B-4135-989C-3B06735A2142}.Release|Any CPU.ActiveCfg = Release|Any CPU
		{277D0418-020B-4135-989C-3B06735A2142}.Release|Any CPU.Build.0 = Release|Any CPU
	EndGlobalSection
	GlobalSection(SolutionProperties) = preSolution
		HideSolutionNode = FALSE
	EndGlobalSection
	GlobalSection(NestedProjects) = preSolution
		{0E2ED5C9-29FB-4FC7-BF86-AEDF86E21C2E} = {DD687613-7FE3-40E3-97F0-FC9F64AA1FC9}
		{B44414F1-2C6F-429A-AE4F-47C0434BA382} = {DD687613-7FE3-40E3-97F0-FC9F64AA1FC9}
		{277D0418-020B-4135-989C-3B06735A2142} = {DD687613-7FE3-40E3-97F0-FC9F64AA1FC9}
	EndGlobalSection
	GlobalSection(ExtensibilityGlobals) = postSolution
		SolutionGuid = {B571C16B-F6F7-4DDA-9997-06422E8F7E3C}
	EndGlobalSection
EndGlobal
