
Microsoft Visual Studio Solution File, Format Version 12.00
# Visual Studio Version 17
VisualStudioVersion = 17.11.35327.3
MinimumVisualStudioVersion = 10.0.40219.1
Project("{2150E333-8FDC-42A3-9474-1A3956D46DE8}") = "src", "src", "{DD687613-7FE3-40E3-97F0-FC9F64AA1FC9}"
EndProject
Project("{FAE04EC0-301F-11D3-BF4B-00C04F79EFBC}") = "FuelChampion.Library", "FuelChampion.Library\FuelChampion.Library.csproj", "{AA0C2915-0907-4C79-9EE4-83818A0390FA}"
EndProject
Project("{FAE04EC0-301F-11D3-BF4B-00C04F79EFBC}") = "FuelChampion.WebUI.Server", "FuelChampion.WebUI.Server\FuelChampion.WebUI.Server.csproj", "{0E2ED5C9-29FB-4FC7-BF86-AEDF86E21C2E}"
EndProject
Global
	GlobalSection(SolutionConfigurationPlatforms) = preSolution
		Debug|Any CPU = Debug|Any CPU
		Release|Any CPU = Release|Any CPU
	EndGlobalSection
	GlobalSection(ProjectConfigurationPlatforms) = postSolution
		{AA0C2915-0907-4C79-9EE4-83818A0390FA}.Debug|Any CPU.ActiveCfg = Debug|Any CPU
		{AA0C2915-0907-4C79-9EE4-83818A0390FA}.Debug|Any CPU.Build.0 = Debug|Any CPU
		{AA0C2915-0907-4C79-9EE4-83818A0390FA}.Release|Any CPU.ActiveCfg = Release|Any CPU
		{AA0C2915-0907-4C79-9EE4-83818A0390FA}.Release|Any CPU.Build.0 = Release|Any CPU
		{0E2ED5C9-29FB-4FC7-BF86-AEDF86E21C2E}.Debug|Any CPU.ActiveCfg = Debug|Any CPU
		{0E2ED5C9-29FB-4FC7-BF86-AEDF86E21C2E}.Debug|Any CPU.Build.0 = Debug|Any CPU
		{0E2ED5C9-29FB-4FC7-BF86-AEDF86E21C2E}.Release|Any CPU.ActiveCfg = Release|Any CPU
		{0E2ED5C9-29FB-4FC7-BF86-AEDF86E21C2E}.Release|Any CPU.Build.0 = Release|Any CPU
	EndGlobalSection
	GlobalSection(SolutionProperties) = preSolution
		HideSolutionNode = FALSE
	EndGlobalSection
	GlobalSection(NestedProjects) = preSolution
		{AA0C2915-0907-4C79-9EE4-83818A0390FA} = {DD687613-7FE3-40E3-97F0-FC9F64AA1FC9}
		{0E2ED5C9-29FB-4FC7-BF86-AEDF86E21C2E} = {DD687613-7FE3-40E3-97F0-FC9F64AA1FC9}
	EndGlobalSection
	GlobalSection(ExtensibilityGlobals) = postSolution
		SolutionGuid = {B571C16B-F6F7-4DDA-9997-06422E8F7E3C}
	EndGlobalSection
EndGlobal
